{
  "name": "udp_node",
  "version": "1.0.0",
  "lockfileVersion": 1,
  "requires": true,
  "dependencies": {
    "File": {
      "version": "0.10.2",
      "resolved": "https://registry.npmjs.org/File/-/File-0.10.2.tgz",
      "integrity": "sha1-6Jn3dtJz4iQ7qGEFuzsFbQ+5VgQ=",
      "requires": {
        "mime": ">= 0.0.0"
      }
    },
    "FileList": {
      "version": "0.10.2",
      "resolved": "https://registry.npmjs.org/FileList/-/FileList-0.10.2.tgz",
      "integrity": "sha1-YAOxqXFZNBZLZ8Q0rWqHQaHNFHo="
    },
    "FileReader": {
      "version": "0.10.2",
      "resolved": "https://registry.npmjs.org/FileReader/-/FileReader-0.10.2.tgz",
      "integrity": "sha1-GxF722te2F4kGsPLEPG3CGUk5Tk="
    },
    "bufferjs": {
      "version": "3.0.1",
      "resolved": "https://registry.npmjs.org/bufferjs/-/bufferjs-3.0.1.tgz",
      "integrity": "sha1-BpLoKcsQoQVQ5kc5CwNesGw46O8="
    },
    "fs": {
      "version": "0.0.1-security",
      "resolved": "https://registry.npmjs.org/fs/-/fs-0.0.1-security.tgz",
      "integrity": "sha1-invTcYa23d84E/I4WLV+yq9eQdQ="
    },
    "mime": {
      "version": "2.3.1",
      "resolved": "https://registry.npmjs.org/mime/-/mime-2.3.1.tgz",
      "integrity": "sha512-OEUllcVoydBHGN1z84yfQDimn58pZNNNXgZlHXSboxMlFvgI6MXSWpWKpFRra7H1HxpVhHTkrghfRW49k6yjeg=="
    }
  }
}
